// !$*UTF8*$!
{
	archiveVersion = 1;
	classes = {
	};
	objectVersion = 70;
	objects = {

/* Begin PBXBuildFile section */
		AA000001000000000000000A /* DailyWaterApp.swift in Sources */ = {isa = PBXBuildFile; fileRef = AA00000100000000000000A1 /* DailyWaterApp.swift */; };
		AA000001000000000000000B /* IntakeEntry.swift in Sources */ = {isa = PBXBuildFile; fileRef = AA00000100000000000000A2 /* IntakeEntry.swift */; };
		AA000001000000000000000C /* WaterStorage.swift in Sources */ = {isa = PBXBuildFile; fileRef = AA00000100000000000000A3 /* WaterStorage.swift */; };
		AA000001000000000000000D /* WaterViewModel.swift in Sources */ = {isa = PBXBuildFile; fileRef = AA00000100000000000000A4 /* WaterViewModel.swift */; };
		AA000001000000000000000E /* ContentView.swift in Sources */ = {isa = PBXBuildFile; fileRef = AA00000100000000000000A5 /* ContentView.swift */; };
		AA000001000000000000000F /* SettingsView.swift in Sources */ = {isa = PBXBuildFile; fileRef = AA00000100000000000000A6 /* SettingsView.swift */; };
		AA0000010000000000000010 /* CustomAddSheet.swift in Sources */ = {isa = PBXBuildFile; fileRef = AA00000100000000000000A7 /* CustomAddSheet.swift */; };
		AA0000010000000000000011 /* Assets.xcassets in Resources */ = {isa = PBXBuildFile; fileRef = AA00000100000000000000A8 /* Assets.xcassets */; };
		AA0000010000000000000012 /* DailyRecord.swift in Sources */ = {isa = PBXBuildFile; fileRef = AA00000100000000000000A9 /* DailyRecord.swift */; };
		AA0000010000000000000013 /* HistoryView.swift in Sources */ = {isa = PBXBuildFile; fileRef = AA00000100000000000000AA /* HistoryView.swift */; };
		AA0000010000000000000014 /* ChartsView.swift in Sources */ = {isa = PBXBuildFile; fileRef = AA00000100000000000000AB /* ChartsView.swift */; };
		AA0000010000000000000015 /* L10n.swift in Sources */ = {isa = PBXBuildFile; fileRef = AA00000100000000000000AC /* L10n.swift */; };
/* End PBXBuildFile section */

/* Begin PBXFileReference section */
		A98F36F52F38D82800C567AE /* DailyWater Watch App.appex */ = {isa = PBXFileReference; explicitFileType = "wrapper.extensionkit-extension"; includeInIndex = 0; path = "DailyWater Watch App.appex"; sourceTree = BUILT_PRODUCTS_DIR; };
		AA00000100000000000000A1 /* DailyWaterApp.swift */ = {isa = PBXFileReference; lastKnownFileType = sourcecode.swift; path = DailyWaterApp.swift; sourceTree = "<group>"; };
		AA00000100000000000000A2 /* IntakeEntry.swift */ = {isa = PBXFileReference; lastKnownFileType = sourcecode.swift; path = IntakeEntry.swift; sourceTree = "<group>"; };
		AA00000100000000000000A3 /* WaterStorage.swift */ = {isa = PBXFileReference; lastKnownFileType = sourcecode.swift; path = WaterStorage.swift; sourceTree = "<group>"; };
		AA00000100000000000000A4 /* WaterViewModel.swift */ = {isa = PBXFileReference; lastKnownFileType = sourcecode.swift; path = WaterViewModel.swift; sourceTree = "<group>"; };
		AA00000100000000000000A5 /* ContentView.swift */ = {isa = PBXFileReference; lastKnownFileType = sourcecode.swift; path = ContentView.swift; sourceTree = "<group>"; };
		AA00000100000000000000A6 /* SettingsView.swift */ = {isa = PBXFileReference; lastKnownFileType = sourcecode.swift; path = SettingsView.swift; sourceTree = "<group>"; };
		AA00000100000000000000A7 /* CustomAddSheet.swift */ = {isa = PBXFileReference; lastKnownFileType = sourcecode.swift; path = CustomAddSheet.swift; sourceTree = "<group>"; };
		AA00000100000000000000A8 /* Assets.xcassets */ = {isa = PBXFileReference; lastKnownFileType = folder.assetcatalog; path = Assets.xcassets; sourceTree = "<group>"; };
		AA00000100000000000000A9 /* DailyRecord.swift */ = {isa = PBXFileReference; lastKnownFileType = sourcecode.swift; path = DailyRecord.swift; sourceTree = "<group>"; };
		AA00000100000000000000AA /* HistoryView.swift */ = {isa = PBXFileReference; lastKnownFileType = sourcecode.swift; path = HistoryView.swift; sourceTree = "<group>"; };
		AA00000100000000000000AB /* ChartsView.swift */ = {isa = PBXFileReference; lastKnownFileType = sourcecode.swift; path = ChartsView.swift; sourceTree = "<group>"; };
		AA00000100000000000000AC /* L10n.swift */ = {isa = PBXFileReference; lastKnownFileType = sourcecode.swift; path = L10n.swift; sourceTree = "<group>"; };
		AA00000100000000000000B0 /* DailyWater.app */ = {isa = PBXFileReference; explicitFileType = wrapper.application; includeInIndex = 0; path = DailyWater.app; sourceTree = BUILT_PRODUCTS_DIR; };
/* End PBXFileReference section */

/* Begin PBXFileSystemSynchronizedBuildFileExceptionSet section */
		A98F36FC2F38D82800C567AE /* PBXFileSystemSynchronizedBuildFileExceptionSet */ = {
			isa = PBXFileSystemSynchronizedBuildFileExceptionSet;
			membershipExceptions = (
				Info.plist,
			);
			target = A98F36F42F38D82800C567AE /* DailyWater Watch App */;
		};
/* End PBXFileSystemSynchronizedBuildFileExceptionSet section */

/* Begin PBXFileSystemSynchronizedRootGroup section */
		A98F36F62F38D82800C567AE /* DailyWater Watch App */ = {isa = PBXFileSystemSynchronizedRootGroup; exceptions = (A98F36FC2F38D82800C567AE /* PBXFileSystemSynchronizedBuildFileExceptionSet */, ); explicitFileTypes = {}; explicitFolders = (); path = "DailyWater Watch App"; sourceTree = "<group>"; };
/* End PBXFileSystemSynchronizedRootGroup section */

/* Begin PBXFrameworksBuildPhase section */
		A98F36F22F38D82800C567AE /* Frameworks */ = {
			isa = PBXFrameworksBuildPhase;
			buildActionMask = 2147483647;
			files = (
			);
			runOnlyForDeploymentPostprocessing = 0;
		};
		AA00000100000000000000C0 /* Frameworks */ = {
			isa = PBXFrameworksBuildPhase;
			buildActionMask = 2147483647;
			files = (
			);
			runOnlyForDeploymentPostprocessing = 0;
		};
/* End PBXFrameworksBuildPhase section */

/* Begin PBXGroup section */
		AA00000100000000000000D0 = {
			isa = PBXGroup;
			children = (
				AA00000100000000000000D1 /* DailyWater */,
				A98F36F62F38D82800C567AE /* DailyWater Watch App */,
				AA00000100000000000000D6 /* Products */,
			);
			sourceTree = "<group>";
		};
		AA00000100000000000000D1 /* DailyWater */ = {
			isa = PBXGroup;
			children = (
				AA00000100000000000000A1 /* DailyWaterApp.swift */,
				AA00000100000000000000A8 /* Assets.xcassets */,
				AA00000100000000000000D2 /* Models */,
				AA00000100000000000000D3 /* Storage */,
				AA00000100000000000000D4 /* ViewModels */,
				AA00000100000000000000D5 /* Views */,
				AA00000100000000000000D7 /* Localization */,
			);
			path = DailyWater;
			sourceTree = "<group>";
		};
		AA00000100000000000000D2 /* Models */ = {
			isa = PBXGroup;
			children = (
				AA00000100000000000000A2 /* IntakeEntry.swift */,
				AA00000100000000000000A9 /* DailyRecord.swift */,
			);
			path = Models;
			sourceTree = "<group>";
		};
		AA00000100000000000000D3 /* Storage */ = {
			isa = PBXGroup;
			children = (
				AA00000100000000000000A3 /* WaterStorage.swift */,
			);
			path = Storage;
			sourceTree = "<group>";
		};
		AA00000100000000000000D4 /* ViewModels */ = {
			isa = PBXGroup;
			children = (
				AA00000100000000000000A4 /* WaterViewModel.swift */,
			);
			path = ViewModels;
			sourceTree = "<group>";
		};
		AA00000100000000000000D5 /* Views */ = {
			isa = PBXGroup;
			children = (
				AA00000100000000000000A5 /* ContentView.swift */,
				AA00000100000000000000A6 /* SettingsView.swift */,
				AA00000100000000000000A7 /* CustomAddSheet.swift */,
				AA00000100000000000000AA /* HistoryView.swift */,
				AA00000100000000000000AB /* ChartsView.swift */,
			);
			path = Views;
			sourceTree = "<group>";
		};
		AA00000100000000000000D6 /* Products */ = {
			isa = PBXGroup;
			children = (
				AA00000100000000000000B0 /* DailyWater.app */,
				A98F36F52F38D82800C567AE /* DailyWater Watch App.appex */,
			);
			name = Products;
			sourceTree = "<group>";
		};
		AA00000100000000000000D7 /* Localization */ = {
			isa = PBXGroup;
			children = (
				AA00000100000000000000AC /* L10n.swift */,
			);
			path = Localization;
			sourceTree = "<group>";
		};
/* End PBXGroup section */

/* Begin PBXNativeTarget section */
		A98F36F42F38D82800C567AE /* DailyWater Watch App */ = {
			isa = PBXNativeTarget;
			buildConfigurationList = A98F36FD2F38D82800C567AE /* Build configuration list for PBXNativeTarget "DailyWater Watch App" */;
			buildPhases = (
				A98F36F12F38D82800C567AE /* Sources */,
				A98F36F22F38D82800C567AE /* Frameworks */,
				A98F36F32F38D82800C567AE /* Resources */,
			);
			buildRules = (
			);
			dependencies = (
			);
			fileSystemSynchronizedGroups = (
				A98F36F62F38D82800C567AE /* DailyWater Watch App */,
			);
			name = "DailyWater Watch App";
			packageProductDependencies = (
			);
			productName = "DailyWater Watch App";
			productReference = A98F36F52F38D82800C567AE /* DailyWater Watch App.appex */;
			productType = "com.apple.product-type.extensionkit-extension";
		};
		AA00000100000000000000E0 /* DailyWater */ = {
			isa = PBXNativeTarget;
			buildConfigurationList = AA00000100000000000000F2 /* Build configuration list for PBXNativeTarget "DailyWater" */;
			buildPhases = (
				AA00000100000000000000E1 /* Sources */,
				AA00000100000000000000C0 /* Frameworks */,
				AA00000100000000000000E2 /* Resources */,
			);
			buildRules = (
			);
			dependencies = (
			);
			name = DailyWater;
			productName = DailyWater;
			productReference = AA00000100000000000000B0 /* DailyWater.app */;
			productType = "com.apple.product-type.application";
		};
/* End PBXNativeTarget section */

/* Begin PBXProject section */
		AA00000100000000000000E5 /* Project object */ = {
			isa = PBXProject;
			attributes = {
				BuildIndependentTargetsInParallel = 1;
				LastSwiftUpdateCheck = 2620;
				LastUpgradeCheck = 2620;
				TargetAttributes = {
					A98F36F42F38D82800C567AE = {
						CreatedOnToolsVersion = 26.2;
					};
					AA00000100000000000000E0 = {
						CreatedOnToolsVersion = 15.0;
					};
				};
			};
			buildConfigurationList = AA00000100000000000000F0 /* Build configuration list for PBXProject "DailyWater" */;
			compatibilityVersion = "Xcode 14.0";
			developmentRegion = en;
			hasScannedForEncodings = 0;
			knownRegions = (
				en,
				Base,
			);
			mainGroup = AA00000100000000000000D0;
			productRefGroup = AA00000100000000000000D6 /* Products */;
			projectDirPath = "";
			projectRoot = "";
			targets = (
				AA00000100000000000000E0 /* DailyWater */,
				A98F36F42F38D82800C567AE /* DailyWater Watch App */,
			);
		};
/* End PBXProject section */

/* Begin PBXResourcesBuildPhase section */
		A98F36F32F38D82800C567AE /* Resources */ = {
			isa = PBXResourcesBuildPhase;
			buildActionMask = 2147483647;
			files = (
			);
			runOnlyForDeploymentPostprocessing = 0;
		};
		AA00000100000000000000E2 /* Resources */ = {
			isa = PBXResourcesBuildPhase;
			buildActionMask = 2147483647;
			files = (
				AA0000010000000000000011 /* Assets.xcassets in Resources */,
			);
			runOnlyForDeploymentPostprocessing = 0;
		};
/* End PBXResourcesBuildPhase section */

/* Begin PBXSourcesBuildPhase section */
		A98F36F12F38D82800C567AE /* Sources */ = {
			isa = PBXSourcesBuildPhase;
			buildActionMask = 2147483647;
			files = (
			);
			runOnlyForDeploymentPostprocessing = 0;
		};
		AA00000100000000000000E1 /* Sources */ = {
			isa = PBXSourcesBuildPhase;
			buildActionMask = 2147483647;
			files = (
				AA000001000000000000000A /* DailyWaterApp.swift in Sources */,
				AA000001000000000000000B /* IntakeEntry.swift in Sources */,
				AA000001000000000000000C /* WaterStorage.swift in Sources */,
				AA000001000000000000000D /* WaterViewModel.swift in Sources */,
				AA000001000000000000000E /* ContentView.swift in Sources */,
				AA000001000000000000000F /* SettingsView.swift in Sources */,
				AA0000010000000000000010 /* CustomAddSheet.swift in Sources */,
				AA0000010000000000000012 /* DailyRecord.swift in Sources */,
				AA0000010000000000000013 /* HistoryView.swift in Sources */,
				AA0000010000000000000014 /* ChartsView.swift in Sources */,
				AA0000010000000000000015 /* L10n.swift in Sources */,
			);
			runOnlyForDeploymentPostprocessing = 0;
		};
/* End PBXSourcesBuildPhase section */

/* Begin XCBuildConfiguration section */
		A98F36FE2F38D82800C567AE /* Debug */ = {
			isa = XCBuildConfiguration;
			buildSettings = {
				CODE_SIGN_STYLE = Automatic;
				CURRENT_PROJECT_VERSION = 1;
				DEVELOPMENT_TEAM = RG6E263GKB;
				GENERATE_INFOPLIST_FILE = YES;
				INFOPLIST_FILE = "DailyWater Watch App/Info.plist";
				INFOPLIST_KEY_CFBundleDisplayName = "DailyWater Watch App";
				INFOPLIST_KEY_NSHumanReadableCopyright = "";
				LD_RUNPATH_SEARCH_PATHS = (
					"$(inherited)",
					"@executable_path/Frameworks",
					"@executable_path/../../Frameworks",
					"@executable_path/../../../../Frameworks",
				);
				LOCALIZATION_PREFERS_STRING_CATALOGS = YES;
				MARKETING_VERSION = 1.0;
				PRODUCT_BUNDLE_IDENTIFIER = "com.powersatellite.DailyWater-Watch-App";
				PRODUCT_NAME = "$(TARGET_NAME)";
				SDKROOT = watchos;
				SKIP_INSTALL = YES;
				STRING_CATALOG_GENERATE_SYMBOLS = YES;
				SUPPORTED_PLATFORMS = "iphoneos iphonesimulator watchos watchsimulator";
				SUPPORTS_MACCATALYST = NO;
				SWIFT_APPROACHABLE_CONCURRENCY = YES;
				SWIFT_EMIT_LOC_STRINGS = YES;
				SWIFT_UPCOMING_FEATURE_MEMBER_IMPORT_VISIBILITY = YES;
				SWIFT_VERSION = 5.0;
				TARGETED_DEVICE_FAMILY = "1,4";
				WATCHOS_DEPLOYMENT_TARGET = 26.2;
			};
			name = Debug;
		};
		A98F36FF2F38D82800C567AE /* Release */ = {
			isa = XCBuildConfiguration;
			buildSettings = {
				CODE_SIGN_STYLE = Automatic;
				CURRENT_PROJECT_VERSION = 1;
				DEVELOPMENT_TEAM = RG6E263GKB;
				GENERATE_INFOPLIST_FILE = YES;
				INFOPLIST_FILE = "DailyWater Watch App/Info.plist";
				INFOPLIST_KEY_CFBundleDisplayName = "DailyWater Watch App";
				INFOPLIST_KEY_NSHumanReadableCopyright = "";
				LD_RUNPATH_SEARCH_PATHS = (
					"$(inherited)",
					"@executable_path/Frameworks",
					"@executable_path/../../Frameworks",
					"@executable_path/../../../../Frameworks",
				);
				LOCALIZATION_PREFERS_STRING_CATALOGS = YES;
				MARKETING_VERSION = 1.0;
				MTL_ENABLE_DEBUG_INFO = NO;
				PRODUCT_BUNDLE_IDENTIFIER = "com.powersatellite.DailyWater-Watch-App";
				PRODUCT_NAME = "$(TARGET_NAME)";
				SDKROOT = watchos;
				SKIP_INSTALL = YES;
				STRING_CATALOG_GENERATE_SYMBOLS = YES;
				SUPPORTED_PLATFORMS = "iphoneos iphonesimulator watchos watchsimulator";
				SUPPORTS_MACCATALYST = NO;
				SWIFT_APPROACHABLE_CONCURRENCY = YES;
				SWIFT_EMIT_LOC_STRINGS = YES;
				SWIFT_UPCOMING_FEATURE_MEMBER_IMPORT_VISIBILITY = YES;
				SWIFT_VERSION = 5.0;
				TARGETED_DEVICE_FAMILY = "1,4";
				WATCHOS_DEPLOYMENT_TARGET = 26.2;
			};
			name = Release;
		};
		AA00000100000000000000F3 /* Debug */ = {
			isa = XCBuildConfiguration;
			buildSettings = {
				ALWAYS_SEARCH_USER_PATHS = NO;
				ASSETCATALOG_COMPILER_GENERATE_SWIFT_ASSET_SYMBOL_EXTENSIONS = YES;
				CLANG_ANALYZER_NONNULL = YES;
				CLANG_ANALYZER_NUMBER_OBJECT_CONVERSION = YES_AGGRESSIVE;
				CLANG_CXX_LANGUAGE_STANDARD = "gnu++20";
				CLANG_ENABLE_MODULES = YES;
				CLANG_ENABLE_OBJC_ARC = YES;
				CLANG_ENABLE_OBJC_WEAK = YES;
				CLANG_WARN_BLOCK_CAPTURE_AUTORELEASING = YES;
				CLANG_WARN_BOOL_CONVERSION = YES;
				CLANG_WARN_COMMA = YES;
				CLANG_WARN_CONSTANT_CONVERSION = YES;
				CLANG_WARN_DEPRECATED_OBJC_IMPLEMENTATIONS = YES;
				CLANG_WARN_DIRECT_OBJC_ISA_USAGE = YES_ERROR;
				CLANG_WARN_DOCUMENTATION_COMMENTS = YES;
				CLANG_WARN_EMPTY_BODY = YES;
				CLANG_WARN_ENUM_CONVERSION = YES;
				CLANG_WARN_INFINITE_RECURSION = YES;
				CLANG_WARN_INT_CONVERSION = YES;
				CLANG_WARN_NON_LITERAL_NULL_CONVERSION = YES;
				CLANG_WARN_OBJC_IMPLICIT_RETAIN_SELF = YES;
				CLANG_WARN_OBJC_LITERAL_CONVERSION = YES;
				CLANG_WARN_OBJC_ROOT_CLASS = YES_ERROR;
				CLANG_WARN_QUOTED_INCLUDE_IN_FRAMEWORK_HEADER = YES;
				CLANG_WARN_RANGE_LOOP_ANALYSIS = YES;
				CLANG_WARN_STRICT_PROTOTYPES = YES;
				CLANG_WARN_SUSPICIOUS_MOVE = YES;
				CLANG_WARN_UNGUARDED_AVAILABILITY = YES_AGGRESSIVE;
				CLANG_WARN_UNREACHABLE_CODE = YES;
				CLANG_WARN__DUPLICATE_METHOD_MATCH = YES;
				COPY_PHASE_STRIP = NO;
				DEBUG_INFORMATION_FORMAT = dwarf;
				DEVELOPMENT_TEAM = RG6E263GKB;
				ENABLE_STRICT_OBJC_MSGSEND = YES;
				ENABLE_TESTABILITY = YES;
				ENABLE_USER_SCRIPT_SANDBOXING = YES;
				GCC_C_LANGUAGE_STANDARD = gnu17;
				GCC_DYNAMIC_NO_PIC = NO;
				GCC_NO_COMMON_BLOCKS = YES;
				GCC_OPTIMIZATION_LEVEL = 0;
				GCC_PREPROCESSOR_DEFINITIONS = (
					"DEBUG=1",
					"$(inherited)",
				);
				GCC_WARN_64_TO_32_BIT_CONVERSION = YES;
				GCC_WARN_ABOUT_RETURN_TYPE = YES_ERROR;
				GCC_WARN_UNDECLARED_SELECTOR = YES;
				GCC_WARN_UNINITIALIZED_AUTOS = YES_AGGRESSIVE;
				GCC_WARN_UNUSED_FUNCTION = YES;
				GCC_WARN_UNUSED_VARIABLE = YES;
				IPHONEOS_DEPLOYMENT_TARGET = 16.0;
				MTL_ENABLE_DEBUG_INFO = INCLUDE_SOURCE;
				MTL_FAST_MATH = YES;
				ONLY_ACTIVE_ARCH = YES;
				SDKROOT = iphoneos;
				STRING_CATALOG_GENERATE_SYMBOLS = YES;
				SWIFT_ACTIVE_COMPILATION_CONDITIONS = "DEBUG $(inherited)";
				SWIFT_OPTIMIZATION_LEVEL = "-Onone";
			};
			name = Debug;
		};
		AA00000100000000000000F4 /* Release */ = {
			isa = XCBuildConfiguration;
			buildSettings = {
				ALWAYS_SEARCH_USER_PATHS = NO;
				ASSETCATALOG_COMPILER_GENERATE_SWIFT_ASSET_SYMBOL_EXTENSIONS = YES;
				CLANG_ANALYZER_NONNULL = YES;
				CLANG_ANALYZER_NUMBER_OBJECT_CONVERSION = YES_AGGRESSIVE;
				CLANG_CXX_LANGUAGE_STANDARD = "gnu++20";
				CLANG_ENABLE_MODULES = YES;
				CLANG_ENABLE_OBJC_ARC = YES;
				CLANG_ENABLE_OBJC_WEAK = YES;
				CLANG_WARN_BLOCK_CAPTURE_AUTORELEASING = YES;
				CLANG_WARN_BOOL_CONVERSION = YES;
				CLANG_WARN_COMMA = YES;
				CLANG_WARN_CONSTANT_CONVERSION = YES;
				CLANG_WARN_DEPRECATED_OBJC_IMPLEMENTATIONS = YES;
				CLANG_WARN_DIRECT_OBJC_ISA_USAGE = YES_ERROR;
				CLANG_WARN_DOCUMENTATION_COMMENTS = YES;
				CLANG_WARN_EMPTY_BODY = YES;
				CLANG_WARN_ENUM_CONVERSION = YES;
				CLANG_WARN_INFINITE_RECURSION = YES;
				CLANG_WARN_INT_CONVERSION = YES;
				CLANG_WARN_NON_LITERAL_NULL_CONVERSION = YES;
				CLANG_WARN_OBJC_IMPLICIT_RETAIN_SELF = YES;
				CLANG_WARN_OBJC_LITERAL_CONVERSION = YES;
				CLANG_WARN_OBJC_ROOT_CLASS = YES_ERROR;
				CLANG_WARN_QUOTED_INCLUDE_IN_FRAMEWORK_HEADER = YES;
				CLANG_WARN_RANGE_LOOP_ANALYSIS = YES;
				CLANG_WARN_STRICT_PROTOTYPES = YES;
				CLANG_WARN_SUSPICIOUS_MOVE = YES;
				CLANG_WARN_UNGUARDED_AVAILABILITY = YES_AGGRESSIVE;
				CLANG_WARN_UNREACHABLE_CODE = YES;
				CLANG_WARN__DUPLICATE_METHOD_MATCH = YES;
				COPY_PHASE_STRIP = NO;
				DEBUG_INFORMATION_FORMAT = "dwarf-with-dsym";
				DEVELOPMENT_TEAM = RG6E263GKB;
				ENABLE_NS_ASSERTIONS = NO;
				ENABLE_STRICT_OBJC_MSGSEND = YES;
				ENABLE_USER_SCRIPT_SANDBOXING = YES;
				GCC_C_LANGUAGE_STANDARD = gnu17;
				GCC_NO_COMMON_BLOCKS = YES;
				GCC_WARN_64_TO_32_BIT_CONVERSION = YES;
				GCC_WARN_ABOUT_RETURN_TYPE = YES_ERROR;
				GCC_WARN_UNDECLARED_SELECTOR = YES;
				GCC_WARN_UNINITIALIZED_AUTOS = YES_AGGRESSIVE;
				GCC_WARN_UNUSED_FUNCTION = YES;
				GCC_WARN_UNUSED_VARIABLE = YES;
				IPHONEOS_DEPLOYMENT_TARGET = 16.0;
				MTL_FAST_MATH = YES;
				SDKROOT = iphoneos;
				STRING_CATALOG_GENERATE_SYMBOLS = YES;
				SWIFT_COMPILATION_MODE = wholemodule;
				VALIDATE_PRODUCT = YES;
			};
			name = Release;
		};
		AA00000100000000000000F5 /* Debug */ = {
			isa = XCBuildConfiguration;
			buildSettings = {
				ASSETCATALOG_COMPILER_APPICON_NAME = AppIcon;
				ASSETCATALOG_COMPILER_GLOBAL_ACCENT_COLOR_NAME = AccentColor;
				CODE_SIGN_STYLE = Automatic;
				CURRENT_PROJECT_VERSION = 1;
				ENABLE_PREVIEWS = YES;
				GENERATE_INFOPLIST_FILE = YES;
				INFOPLIST_KEY_LSApplicationCategoryType = "public.app-category.lifestyle";
				INFOPLIST_KEY_UIApplicationSceneManifest_Generation = YES;
				INFOPLIST_KEY_UIApplicationSupportsIndirectInputEvents = YES;
				INFOPLIST_KEY_UILaunchScreen_Generation = YES;
				INFOPLIST_KEY_UISupportedInterfaceOrientations_iPad = "UIInterfaceOrientationPortrait UIInterfaceOrientationPortraitUpsideDown UIInterfaceOrientationLandscapeLeft UIInterfaceOrientationLandscapeRight";
				INFOPLIST_KEY_UISupportedInterfaceOrientations_iPhone = "UIInterfaceOrientationPortrait UIInterfaceOrientationLandscapeLeft UIInterfaceOrientationLandscapeRight";
				LD_RUNPATH_SEARCH_PATHS = (
					"$(inherited)",
					"@executable_path/Frameworks",
				);
				MARKETING_VERSION = 1.0;
				PRODUCT_BUNDLE_IDENTIFIER = com.dailywater.app;
				PRODUCT_NAME = "$(TARGET_NAME)";
				SWIFT_EMIT_LOC_STRINGS = YES;
				SWIFT_VERSION = 5.0;
				TARGETED_DEVICE_FAMILY = "1,2";
			};
			name = Debug;
		};
		AA00000100000000000000F6 /* Release */ = {
			isa = XCBuildConfiguration;
			buildSettings = {
				ASSETCATALOG_COMPILER_APPICON_NAME = AppIcon;
				ASSETCATALOG_COMPILER_GLOBAL_ACCENT_COLOR_NAME = AccentColor;
				CODE_SIGN_STYLE = Automatic;
				CURRENT_PROJECT_VERSION = 1;
				ENABLE_PREVIEWS = YES;
				GENERATE_INFOPLIST_FILE = YES;
				INFOPLIST_KEY_LSApplicationCategoryType = "public.app-category.lifestyle";
				INFOPLIST_KEY_UIApplicationSceneManifest_Generation = YES;
				INFOPLIST_KEY_UIApplicationSupportsIndirectInputEvents = YES;
				INFOPLIST_KEY_UILaunchScreen_Generation = YES;
				INFOPLIST_KEY_UISupportedInterfaceOrientations_iPad = "UIInterfaceOrientationPortrait UIInterfaceOrientationPortraitUpsideDown UIInterfaceOrientationLandscapeLeft UIInterfaceOrientationLandscapeRight";
				INFOPLIST_KEY_UISupportedInterfaceOrientations_iPhone = "UIInterfaceOrientationPortrait UIInterfaceOrientationLandscapeLeft UIInterfaceOrientationLandscapeRight";
				LD_RUNPATH_SEARCH_PATHS = (
					"$(inherited)",
					"@executable_path/Frameworks",
				);
				MARKETING_VERSION = 1.0;
				PRODUCT_BUNDLE_IDENTIFIER = com.dailywater.app;
				PRODUCT_NAME = "$(TARGET_NAME)";
				SWIFT_EMIT_LOC_STRINGS = YES;
				SWIFT_VERSION = 5.0;
				TARGETED_DEVICE_FAMILY = "1,2";
			};
			name = Release;
		};
/* End XCBuildConfiguration section */

/* Begin XCConfigurationList section */
		A98F36FD2F38D82800C567AE /* Build configuration list for PBXNativeTarget "DailyWater Watch App" */ = {
			isa = XCConfigurationList;
			buildConfigurations = (
				A98F36FE2F38D82800C567AE /* Debug */,
				A98F36FF2F38D82800C567AE /* Release */,
			);
			defaultConfigurationIsVisible = 0;
			defaultConfigurationName = Release;
		};
		AA00000100000000000000F0 /* Build configuration list for PBXProject "DailyWater" */ = {
			isa = XCConfigurationList;
			buildConfigurations = (
				AA00000100000000000000F3 /* Debug */,
				AA00000100000000000000F4 /* Release */,
			);
			defaultConfigurationIsVisible = 0;
			defaultConfigurationName = Release;
		};
		AA00000100000000000000F2 /* Build configuration list for PBXNativeTarget "DailyWater" */ = {
			isa = XCConfigurationList;
			buildConfigurations = (
				AA00000100000000000000F5 /* Debug */,
				AA00000100000000000000F6 /* Release */,
			);
			defaultConfigurationIsVisible = 0;
			defaultConfigurationName = Release;
		};
/* End XCConfigurationList section */
	};
	rootObject = AA00000100000000000000E5 /* Project object */;
}
